// !$*UTF8*$!
{
	archiveVersion = 1;
	classes = {
	};
	objectVersion = 46;
	objects = {

/* Begin PBXBuildFile section */
		7F03DDFF1C5AC9920039CAD0 /* FrakyTableViewContronner.m in Sources */ = {isa = PBXBuildFile; fileRef = 7F03DDFE1C5AC9920039CAD0 /* FrakyTableViewContronner.m */; };
		7F03DE021C5ADB6C0039CAD0 /* AddPhoneViewController.m in Sources */ = {isa = PBXBuildFile; fileRef = 7F03DE011C5ADB6C0039CAD0 /* AddPhoneViewController.m */; };
		7F03DE061C5ADDB30039CAD0 /* LocalData.m in Sources */ = {isa = PBXBuildFile; fileRef = 7F03DE051C5ADDB30039CAD0 /* LocalData.m */; };
		7F4E275E1C579D4900C6C798 /* main.m in Sources */ = {isa = PBXBuildFile; fileRef = 7F4E275D1C579D4900C6C798 /* main.m */; };
		7F4E27611C579D4900C6C798 /* AppDelegate.m in Sources */ = {isa = PBXBuildFile; fileRef = 7F4E27601C579D4900C6C798 /* AppDelegate.m */; };
		7F4E27641C579D4900C6C798 /* MasterViewController.m in Sources */ = {isa = PBXBuildFile; fileRef = 7F4E27631C579D4900C6C798 /* MasterViewController.m */; };
		7F4E27671C579D4900C6C798 /* DetailViewController.m in Sources */ = {isa = PBXBuildFile; fileRef = 7F4E27661C579D4900C6C798 /* DetailViewController.m */; };
		7F4E276A1C579D4900C6C798 /* Main.storyboard in Resources */ = {isa = PBXBuildFile; fileRef = 7F4E27681C579D4900C6C798 /* Main.storyboard */; };
		7F4E276C1C579D4900C6C798 /* Assets.xcassets in Resources */ = {isa = PBXBuildFile; fileRef = 7F4E276B1C579D4900C6C798 /* Assets.xcassets */; };
		7F4E276F1C579D4900C6C798 /* LaunchScreen.storyboard in Resources */ = {isa = PBXBuildFile; fileRef = 7F4E276D1C579D4900C6C798 /* LaunchScreen.storyboard */; };
		7F4E277A1C579D4900C6C798 /* PhonesTests.m in Sources */ = {isa = PBXBuildFile; fileRef = 7F4E27791C579D4900C6C798 /* PhonesTests.m */; };
		7F4E27851C579D4900C6C798 /* PhonesUITests.m in Sources */ = {isa = PBXBuildFile; fileRef = 7F4E27841C579D4900C6C798 /* PhonesUITests.m */; };
		7F4E27991C57D37600C6C798 /* Phone.m in Sources */ = {isa = PBXBuildFile; fileRef = 7F4E27981C57D37600C6C798 /* Phone.m */; };
		7F4E279B1C57D66F00C6C798 /* Battery.m in Sources */ = {isa = PBXBuildFile; fileRef = 7F4E279A1C57D66F00C6C798 /* Battery.m */; };
		7F4E279D1C57D86000C6C798 /* Display.m in Sources */ = {isa = PBXBuildFile; fileRef = 7F4E279C1C57D86000C6C798 /* Display.m */; };
/* End PBXBuildFile section */

/* Begin PBXContainerItemProxy section */
		7F4E27761C579D4900C6C798 /* PBXContainerItemProxy */ = {
			isa = PBXContainerItemProxy;
			containerPortal = 7F4E27511C579D4800C6C798 /* Project object */;
			proxyType = 1;
			remoteGlobalIDString = 7F4E27581C579D4900C6C798;
			remoteInfo = Phones;
		};
		7F4E27811C579D4900C6C798 /* PBXContainerItemProxy */ = {
			isa = PBXContainerItemProxy;
			containerPortal = 7F4E27511C579D4800C6C798 /* Project object */;
			proxyType = 1;
			remoteGlobalIDString = 7F4E27581C579D4900C6C798;
			remoteInfo = Phones;
		};
/* End PBXContainerItemProxy section */

/* Begin PBXFileReference section */
		7F03DDFE1C5AC9920039CAD0 /* FrakyTableViewContronner.m */ = {isa = PBXFileReference; fileEncoding = 4; lastKnownFileType = sourcecode.c.objc; path = FrakyTableViewContronner.m; sourceTree = "<group>"; };
		7F03DE001C5ADB380039CAD0 /* AddPhoneViewController.h */ = {isa = PBXFileReference; lastKnownFileType = sourcecode.c.h; path = AddPhoneViewController.h; sourceTree = "<group>"; };
		7F03DE011C5ADB6C0039CAD0 /* AddPhoneViewController.m */ = {isa = PBXFileReference; fileEncoding = 4; lastKnownFileType = sourcecode.c.objc; path = AddPhoneViewController.m; sourceTree = "<group>"; };
		7F03DE041C5ADD800039CAD0 /* LocalData.h */ = {isa = PBXFileReference; lastKnownFileType = sourcecode.c.h; path = LocalData.h; sourceTree = "<group>"; };
		7F03DE051C5ADDB30039CAD0 /* LocalData.m */ = {isa = PBXFileReference; fileEncoding = 4; lastKnownFileType = sourcecode.c.objc; path = LocalData.m; sourceTree = "<group>"; };
		7F04CDB01C5BF7BF002A5B1A /* Phones.app */ = {isa = PBXFileReference; explicitFileType = wrapper.application; includeInIndex = 0; path = Phones.app; sourceTree = BUILT_PRODUCTS_DIR; };
		7F04CDB11C5BF7BF002A5B1A /* PhonesTests.xctest */ = {isa = PBXFileReference; explicitFileType = wrapper.cfbundle; includeInIndex = 0; path = PhonesTests.xctest; sourceTree = BUILT_PRODUCTS_DIR; };
		7F04CDB21C5BF7BF002A5B1A /* PhonesUITests.xctest */ = {isa = PBXFileReference; explicitFileType = wrapper.cfbundle; includeInIndex = 0; path = PhonesUITests.xctest; sourceTree = BUILT_PRODUCTS_DIR; };
		7F1984471C5981C70068312C /* Battery_Type.h */ = {isa = PBXFileReference; lastKnownFileType = sourcecode.c.h; path = Battery_Type.h; sourceTree = "<group>"; };
		7F4E275D1C579D4900C6C798 /* main.m */ = {isa = PBXFileReference; lastKnownFileType = sourcecode.c.objc; path = main.m; sourceTree = "<group>"; };
		7F4E275F1C579D4900C6C798 /* AppDelegate.h */ = {isa = PBXFileReference; lastKnownFileType = sourcecode.c.h; path = AppDelegate.h; sourceTree = "<group>"; };
		7F4E27601C579D4900C6C798 /* AppDelegate.m */ = {isa = PBXFileReference; lastKnownFileType = sourcecode.c.objc; path = AppDelegate.m; sourceTree = "<group>"; };
		7F4E27621C579D4900C6C798 /* MasterViewController.h */ = {isa = PBXFileReference; lastKnownFileType = sourcecode.c.h; path = MasterViewController.h; sourceTree = "<group>"; };
		7F4E27631C579D4900C6C798 /* MasterViewController.m */ = {isa = PBXFileReference; lastKnownFileType = sourcecode.c.objc; path = MasterViewController.m; sourceTree = "<group>"; };
		7F4E27651C579D4900C6C798 /* DetailViewController.h */ = {isa = PBXFileReference; lastKnownFileType = sourcecode.c.h; path = DetailViewController.h; sourceTree = "<group>"; };
		7F4E27661C579D4900C6C798 /* DetailViewController.m */ = {isa = PBXFileReference; lastKnownFileType = sourcecode.c.objc; path = DetailViewController.m; sourceTree = "<group>"; };
		7F4E27691C579D4900C6C798 /* Base */ = {isa = PBXFileReference; lastKnownFileType = file.storyboard; name = Base; path = Base.lproj/Main.storyboard; sourceTree = "<group>"; };
		7F4E276B1C579D4900C6C798 /* Assets.xcassets */ = {isa = PBXFileReference; lastKnownFileType = folder.assetcatalog; path = Assets.xcassets; sourceTree = "<group>"; };
		7F4E276E1C579D4900C6C798 /* Base */ = {isa = PBXFileReference; lastKnownFileType = file.storyboard; name = Base; path = Base.lproj/LaunchScreen.storyboard; sourceTree = "<group>"; };
		7F4E27701C579D4900C6C798 /* Info.plist */ = {isa = PBXFileReference; lastKnownFileType = text.plist.xml; path = Info.plist; sourceTree = "<group>"; };
		7F4E27791C579D4900C6C798 /* PhonesTests.m */ = {isa = PBXFileReference; lastKnownFileType = sourcecode.c.objc; path = PhonesTests.m; sourceTree = "<group>"; };
		7F4E277B1C579D4900C6C798 /* Info.plist */ = {isa = PBXFileReference; lastKnownFileType = text.plist.xml; path = Info.plist; sourceTree = "<group>"; };
		7F4E27841C579D4900C6C798 /* PhonesUITests.m */ = {isa = PBXFileReference; lastKnownFileType = sourcecode.c.objc; path = PhonesUITests.m; sourceTree = "<group>"; };
		7F4E27861C579D4900C6C798 /* Info.plist */ = {isa = PBXFileReference; lastKnownFileType = text.plist.xml; path = Info.plist; sourceTree = "<group>"; };
		7F4E27931C579DF000C6C798 /* Phone.h */ = {isa = PBXFileReference; lastKnownFileType = sourcecode.c.h; path = Phone.h; sourceTree = "<group>"; };
		7F4E27941C57A0A000C6C798 /* Battery.h */ = {isa = PBXFileReference; lastKnownFileType = sourcecode.c.h; path = Battery.h; sourceTree = "<group>"; };
		7F4E27951C57A31400C6C798 /* Display.h */ = {isa = PBXFileReference; lastKnownFileType = sourcecode.c.h; path = Display.h; sourceTree = "<group>"; };
		7F4E27981C57D37600C6C798 /* Phone.m */ = {isa = PBXFileReference; fileEncoding = 4; lastKnownFileType = sourcecode.c.objc; path = Phone.m; sourceTree = "<group>"; };
		7F4E279A1C57D66F00C6C798 /* Battery.m */ = {isa = PBXFileReference; fileEncoding = 4; lastKnownFileType = sourcecode.c.objc; path = Battery.m; sourceTree = "<group>"; };
		7F4E279C1C57D86000C6C798 /* Display.m */ = {isa = PBXFileReference; fileEncoding = 4; lastKnownFileType = sourcecode.c.objc; path = Display.m; sourceTree = "<group>"; };
/* End PBXFileReference section */

/* Begin PBXFrameworksBuildPhase section */
		7F4E27561C579D4900C6C798 /* Frameworks */ = {
			isa = PBXFrameworksBuildPhase;
			buildActionMask = 2147483647;
			files = (
			);
			runOnlyForDeploymentPostprocessing = 0;
		};
		7F4E27721C579D4900C6C798 /* Frameworks */ = {
			isa = PBXFrameworksBuildPhase;
			buildActionMask = 2147483647;
			files = (
			);
			runOnlyForDeploymentPostprocessing = 0;
		};
		7F4E277D1C579D4900C6C798 /* Frameworks */ = {
			isa = PBXFrameworksBuildPhase;
			buildActionMask = 2147483647;
			files = (
			);
			runOnlyForDeploymentPostprocessing = 0;
		};
/* End PBXFrameworksBuildPhase section */

/* Begin PBXGroup section */
		7F03DE031C5ADD6B0039CAD0 /* Data */ = {
			isa = PBXGroup;
			children = (
				7F4E27921C579D5000C6C798 /* Models */,
				7F03DE051C5ADDB30039CAD0 /* LocalData.m */,
				7F03DE041C5ADD800039CAD0 /* LocalData.h */,
			);
			name = Data;
			sourceTree = "<group>";
		};
		7F4E27501C579D4800C6C798 = {
			isa = PBXGroup;
			children = (
				7F4E275B1C579D4900C6C798 /* Phones */,
				7F4E27781C579D4900C6C798 /* PhonesTests */,
				7F4E27831C579D4900C6C798 /* PhonesUITests */,
				7F04CDB01C5BF7BF002A5B1A /* Phones.app */,
				7F04CDB11C5BF7BF002A5B1A /* PhonesTests.xctest */,
				7F04CDB21C5BF7BF002A5B1A /* PhonesUITests.xctest */,
			);
			sourceTree = "<group>";
		};
		7F4E275B1C579D4900C6C798 /* Phones */ = {
			isa = PBXGroup;
			children = (
				7F03DE031C5ADD6B0039CAD0 /* Data */,
				7F4E275F1C579D4900C6C798 /* AppDelegate.h */,
				7F4E27601C579D4900C6C798 /* AppDelegate.m */,
				7F4E27621C579D4900C6C798 /* MasterViewController.h */,
				7F4E27631C579D4900C6C798 /* MasterViewController.m */,
				7F4E27651C579D4900C6C798 /* DetailViewController.h */,
				7F4E27661C579D4900C6C798 /* DetailViewController.m */,
				7F4E27681C579D4900C6C798 /* Main.storyboard */,
				7F4E276B1C579D4900C6C798 /* Assets.xcassets */,
				7F4E276D1C579D4900C6C798 /* LaunchScreen.storyboard */,
				7F4E27701C579D4900C6C798 /* Info.plist */,
				7F4E275C1C579D4900C6C798 /* Supporting Files */,
				7F03DDFE1C5AC9920039CAD0 /* FrakyTableViewContronner.m */,
				7F03DE001C5ADB380039CAD0 /* AddPhoneViewController.h */,
				7F03DE011C5ADB6C0039CAD0 /* AddPhoneViewController.m */,
			);
			path = Phones;
			sourceTree = "<group>";
		};
		7F4E275C1C579D4900C6C798 /* Supporting Files */ = {
			isa = PBXGroup;
			children = (
				7F4E275D1C579D4900C6C798 /* main.m */,
			);
			name = "Supporting Files";
			sourceTree = "<group>";
		};
		7F4E27781C579D4900C6C798 /* PhonesTests */ = {
			isa = PBXGroup;
			children = (
				7F4E27791C579D4900C6C798 /* PhonesTests.m */,
				7F4E277B1C579D4900C6C798 /* Info.plist */,
			);
			path = PhonesTests;
			sourceTree = "<group>";
		};
		7F4E27831C579D4900C6C798 /* PhonesUITests */ = {
			isa = PBXGroup;
			children = (
				7F4E27841C579D4900C6C798 /* PhonesUITests.m */,
				7F4E27861C579D4900C6C798 /* Info.plist */,
			);
			path = PhonesUITests;
			sourceTree = "<group>";
		};
		7F4E27921C579D5000C6C798 /* Models */ = {
			isa = PBXGroup;
			children = (
				7F4E27931C579DF000C6C798 /* Phone.h */,
				7F4E27941C57A0A000C6C798 /* Battery.h */,
				7F4E279A1C57D66F00C6C798 /* Battery.m */,
				7F4E27951C57A31400C6C798 /* Display.h */,
				7F4E27981C57D37600C6C798 /* Phone.m */,
				7F4E279C1C57D86000C6C798 /* Display.m */,
				7F1984471C5981C70068312C /* Battery_Type.h */,
			);
			name = Models;
			sourceTree = "<group>";
		};
/* End PBXGroup section */

/* Begin PBXNativeTarget section */
		7F4E27581C579D4900C6C798 /* Phones */ = {
			isa = PBXNativeTarget;
			buildConfigurationList = 7F4E27891C579D4900C6C798 /* Build configuration list for PBXNativeTarget "Phones" */;
			buildPhases = (
				7F4E27551C579D4900C6C798 /* Sources */,
				7F4E27561C579D4900C6C798 /* Frameworks */,
				7F4E27571C579D4900C6C798 /* Resources */,
			);
			buildRules = (
			);
			dependencies = (
			);
			name = Phones;
			productName = Phones;
			productReference = 7F04CDB01C5BF7BF002A5B1A /* Phones.app */;
			productType = "com.apple.product-type.application";
		};
		7F4E27741C579D4900C6C798 /* PhonesTests */ = {
			isa = PBXNativeTarget;
			buildConfigurationList = 7F4E278C1C579D4900C6C798 /* Build configuration list for PBXNativeTarget "PhonesTests" */;
			buildPhases = (
				7F4E27711C579D4900C6C798 /* Sources */,
				7F4E27721C579D4900C6C798 /* Frameworks */,
				7F4E27731C579D4900C6C798 /* Resources */,
			);
			buildRules = (
			);
			dependencies = (
				7F4E27771C579D4900C6C798 /* PBXTargetDependency */,
			);
			name = PhonesTests;
			productName = PhonesTests;
			productReference = 7F04CDB11C5BF7BF002A5B1A /* PhonesTests.xctest */;
			productType = "com.apple.product-type.bundle.unit-test";
		};
		7F4E277F1C579D4900C6C798 /* PhonesUITests */ = {
			isa = PBXNativeTarget;
			buildConfigurationList = 7F4E278F1C579D4900C6C798 /* Build configuration list for PBXNativeTarget "PhonesUITests" */;
			buildPhases = (
				7F4E277C1C579D4900C6C798 /* Sources */,
				7F4E277D1C579D4900C6C798 /* Frameworks */,
				7F4E277E1C579D4900C6C798 /* Resources */,
			);
			buildRules = (
			);
			dependencies = (
				7F4E27821C579D4900C6C798 /* PBXTargetDependency */,
			);
			name = PhonesUITests;
			productName = PhonesUITests;
			productReference = 7F04CDB21C5BF7BF002A5B1A /* PhonesUITests.xctest */;
			productType = "com.apple.product-type.bundle.ui-testing";
		};
/* End PBXNativeTarget section */

/* Begin PBXProject section */
		7F4E27511C579D4800C6C798 /* Project object */ = {
			isa = PBXProject;
			attributes = {
				LastUpgradeCheck = 0720;
				ORGANIZATIONNAME = "John Doe";
				TargetAttributes = {
					7F4E27581C579D4900C6C798 = {
						CreatedOnToolsVersion = 7.2;
					};
					7F4E27741C579D4900C6C798 = {
						CreatedOnToolsVersion = 7.2;
						TestTargetID = 7F4E27581C579D4900C6C798;
					};
					7F4E277F1C579D4900C6C798 = {
						CreatedOnToolsVersion = 7.2;
						TestTargetID = 7F4E27581C579D4900C6C798;
					};
				};
			};
			buildConfigurationList = 7F4E27541C579D4800C6C798 /* Build configuration list for PBXProject "Phones" */;
			compatibilityVersion = "Xcode 3.2";
			developmentRegion = English;
			hasScannedForEncodings = 0;
			knownRegions = (
				en,
				Base,
			);
			mainGroup = 7F4E27501C579D4800C6C798;
			productRefGroup = 7F4E27501C579D4800C6C798;
			projectDirPath = "";
			projectRoot = "";
			targets = (
				7F4E27581C579D4900C6C798 /* Phones */,
				7F4E27741C579D4900C6C798 /* PhonesTests */,
				7F4E277F1C579D4900C6C798 /* PhonesUITests */,
			);
		};
/* End PBXProject section */

/* Begin PBXResourcesBuildPhase section */
		7F4E27571C579D4900C6C798 /* Resources */ = {
			isa = PBXResourcesBuildPhase;
			buildActionMask = 2147483647;
			files = (
				7F4E276F1C579D4900C6C798 /* LaunchScreen.storyboard in Resources */,
				7F4E276C1C579D4900C6C798 /* Assets.xcassets in Resources */,
				7F4E276A1C579D4900C6C798 /* Main.storyboard in Resources */,
			);
			runOnlyForDeploymentPostprocessing = 0;
		};
		7F4E27731C579D4900C6C798 /* Resources */ = {
			isa = PBXResourcesBuildPhase;
			buildActionMask = 2147483647;
			files = (
			);
			runOnlyForDeploymentPostprocessing = 0;
		};
		7F4E277E1C579D4900C6C798 /* Resources */ = {
			isa = PBXResourcesBuildPhase;
			buildActionMask = 2147483647;
			files = (
			);
			runOnlyForDeploymentPostprocessing = 0;
		};
/* End PBXResourcesBuildPhase section */

/* Begin PBXSourcesBuildPhase section */
		7F4E27551C579D4900C6C798 /* Sources */ = {
			isa = PBXSourcesBuildPhase;
			buildActionMask = 2147483647;
			files = (
				7F4E27611C579D4900C6C798 /* AppDelegate.m in Sources */,
				7F03DE021C5ADB6C0039CAD0 /* AddPhoneViewController.m in Sources */,
				7F4E279B1C57D66F00C6C798 /* Battery.m in Sources */,
				7F4E279D1C57D86000C6C798 /* Display.m in Sources */,
				7F4E27991C57D37600C6C798 /* Phone.m in Sources */,
				7F03DE061C5ADDB30039CAD0 /* LocalData.m in Sources */,
				7F4E27641C579D4900C6C798 /* MasterViewController.m in Sources */,
				7F03DDFF1C5AC9920039CAD0 /* FrakyTableViewContronner.m in Sources */,
				7F4E275E1C579D4900C6C798 /* main.m in Sources */,
				7F4E27671C579D4900C6C798 /* DetailViewController.m in Sources */,
			);
			runOnlyForDeploymentPostprocessing = 0;
		};
		7F4E27711C579D4900C6C798 /* Sources */ = {
			isa = PBXSourcesBuildPhase;
			buildActionMask = 2147483647;
			files = (
				7F4E277A1C579D4900C6C798 /* PhonesTests.m in Sources */,
			);
			runOnlyForDeploymentPostprocessing = 0;
		};
		7F4E277C1C579D4900C6C798 /* Sources */ = {
			isa = PBXSourcesBuildPhase;
			buildActionMask = 2147483647;
			files = (
				7F4E27851C579D4900C6C798 /* PhonesUITests.m in Sources */,
			);
			runOnlyForDeploymentPostprocessing = 0;
		};
/* End PBXSourcesBuildPhase section */

/* Begin PBXTargetDependency section */
		7F4E27771C579D4900C6C798 /* PBXTargetDependency */ = {
			isa = PBXTargetDependency;
			target = 7F4E27581C579D4900C6C798 /* Phones */;
			targetProxy = 7F4E27761C579D4900C6C798 /* PBXContainerItemProxy */;
		};
		7F4E27821C579D4900C6C798 /* PBXTargetDependency */ = {
			isa = PBXTargetDependency;
			target = 7F4E27581C579D4900C6C798 /* Phones */;
			targetProxy = 7F4E27811C579D4900C6C798 /* PBXContainerItemProxy */;
		};
/* End PBXTargetDependency section */

/* Begin PBXVariantGroup section */
		7F4E27681C579D4900C6C798 /* Main.storyboard */ = {
			isa = PBXVariantGroup;
			children = (
				7F4E27691C579D4900C6C798 /* Base */,
			);
			name = Main.storyboard;
			sourceTree = "<group>";
		};
		7F4E276D1C579D4900C6C798 /* LaunchScreen.storyboard */ = {
			isa = PBXVariantGroup;
			children = (
				7F4E276E1C579D4900C6C798 /* Base */,
			);
			name = LaunchScreen.storyboard;
			sourceTree = "<group>";
		};
/* End PBXVariantGroup section */

/* Begin XCBuildConfiguration section */
		7F4E27871C579D4900C6C798 /* Debug */ = {
			isa = XCBuildConfiguration;
			buildSettings = {
				ALWAYS_SEARCH_USER_PATHS = NO;
				CLANG_CXX_LANGUAGE_STANDARD = "gnu++0x";
				CLANG_CXX_LIBRARY = "libc++";
				CLANG_ENABLE_MODULES = YES;
				CLANG_ENABLE_OBJC_ARC = YES;
				CLANG_WARN_BOOL_CONVERSION = YES;
				CLANG_WARN_CONSTANT_CONVERSION = YES;
				CLANG_WARN_DIRECT_OBJC_ISA_USAGE = YES_ERROR;
				CLANG_WARN_EMPTY_BODY = YES;
				CLANG_WARN_ENUM_CONVERSION = YES;
				CLANG_WARN_INT_CONVERSION = YES;
				CLANG_WARN_OBJC_ROOT_CLASS = YES_ERROR;
				CLANG_WARN_UNREACHABLE_CODE = YES;
				CLANG_WARN__DUPLICATE_METHOD_MATCH = YES;
				"CODE_SIGN_IDENTITY[sdk=iphoneos*]" = "iPhone Developer";
				COPY_PHASE_STRIP = NO;
				DEBUG_INFORMATION_FORMAT = dwarf;
				ENABLE_STRICT_OBJC_MSGSEND = YES;
				ENABLE_TESTABILITY = YES;
				GCC_C_LANGUAGE_STANDARD = gnu99;
				GCC_DYNAMIC_NO_PIC = NO;
				GCC_NO_COMMON_BLOCKS = YES;
				GCC_OPTIMIZATION_LEVEL = 0;
				GCC_PREPROCESSOR_DEFINITIONS = (
					"DEBUG=1",
					"$(inherited)",
				);
				GCC_WARN_64_TO_32_BIT_CONVERSION = YES;
				GCC_WARN_ABOUT_RETURN_TYPE = YES_ERROR;
				GCC_WARN_UNDECLARED_SELECTOR = YES;
				GCC_WARN_UNINITIALIZED_AUTOS = YES_AGGRESSIVE;
				GCC_WARN_UNUSED_FUNCTION = YES;
				GCC_WARN_UNUSED_VARIABLE = YES;
				IPHONEOS_DEPLOYMENT_TARGET = 9.2;
				MTL_ENABLE_DEBUG_INFO = YES;
				ONLY_ACTIVE_ARCH = YES;
				SDKROOT = iphoneos;
				TARGETED_DEVICE_FAMILY = "1,2";
			};
			name = Debug;
		};
		7F4E27881C579D4900C6C798 /* Release */ = {
			isa = XCBuildConfiguration;
			buildSettings = {
				ALWAYS_SEARCH_USER_PATHS = NO;
				CLANG_CXX_LANGUAGE_STANDARD = "gnu++0x";
				CLANG_CXX_LIBRARY = "libc++";
				CLANG_ENABLE_MODULES = YES;
				CLANG_ENABLE_OBJC_ARC = YES;
				CLANG_WARN_BOOL_CONVERSION = YES;
				CLANG_WARN_CONSTANT_CONVERSION = YES;
				CLANG_WARN_DIRECT_OBJC_ISA_USAGE = YES_ERROR;
				CLANG_WARN_EMPTY_BODY = YES;
				CLANG_WARN_ENUM_CONVERSION = YES;
				CLANG_WARN_INT_CONVERSION = YES;
				CLANG_WARN_OBJC_ROOT_CLASS = YES_ERROR;
				CLANG_WARN_UNREACHABLE_CODE = YES;
				CLANG_WARN__DUPLICATE_METHOD_MATCH = YES;
				"CODE_SIGN_IDENTITY[sdk=iphoneos*]" = "iPhone Developer";
				COPY_PHASE_STRIP = NO;
				DEBUG_INFORMATION_FORMAT = "dwarf-with-dsym";
				ENABLE_NS_ASSERTIONS = NO;
				ENABLE_STRICT_OBJC_MSGSEND = YES;
				GCC_C_LANGUAGE_STANDARD = gnu99;
				GCC_NO_COMMON_BLOCKS = YES;
				GCC_WARN_64_TO_32_BIT_CONVERSION = YES;
				GCC_WARN_ABOUT_RETURN_TYPE = YES_ERROR;
				GCC_WARN_UNDECLARED_SELECTOR = YES;
				GCC_WARN_UNINITIALIZED_AUTOS = YES_AGGRESSIVE;
				GCC_WARN_UNUSED_FUNCTION = YES;
				GCC_WARN_UNUSED_VARIABLE = YES;
				IPHONEOS_DEPLOYMENT_TARGET = 9.2;
				MTL_ENABLE_DEBUG_INFO = NO;
				SDKROOT = iphoneos;
				TARGETED_DEVICE_FAMILY = "1,2";
				VALIDATE_PRODUCT = YES;
			};
			name = Release;
		};
		7F4E278A1C579D4900C6C798 /* Debug */ = {
			isa = XCBuildConfiguration;
			buildSettings = {
				ASSETCATALOG_COMPILER_APPICON_NAME = AppIcon;
				INFOPLIST_FILE = Phones/Info.plist;
				LD_RUNPATH_SEARCH_PATHS = "$(inherited) @executable_path/Frameworks";
				PRODUCT_BUNDLE_IDENTIFIER = homework.Phones;
				PRODUCT_NAME = "$(TARGET_NAME)";
			};
			name = Debug;
		};
		7F4E278B1C579D4900C6C798 /* Release */ = {
			isa = XCBuildConfiguration;
			buildSettings = {
				ASSETCATALOG_COMPILER_APPICON_NAME = AppIcon;
				INFOPLIST_FILE = Phones/Info.plist;
				LD_RUNPATH_SEARCH_PATHS = "$(inherited) @executable_path/Frameworks";
				PRODUCT_BUNDLE_IDENTIFIER = homework.Phones;
				PRODUCT_NAME = "$(TARGET_NAME)";
			};
			name = Release;
		};
		7F4E278D1C579D4900C6C798 /* Debug */ = {
			isa = XCBuildConfiguration;
			buildSettings = {
				BUNDLE_LOADER = "$(TEST_HOST)";
				INFOPLIST_FILE = PhonesTests/Info.plist;
				LD_RUNPATH_SEARCH_PATHS = "$(inherited) @executable_path/Frameworks @loader_path/Frameworks";
				PRODUCT_BUNDLE_IDENTIFIER = homework.PhonesTests;
				PRODUCT_NAME = "$(TARGET_NAME)";
				TEST_HOST = "$(BUILT_PRODUCTS_DIR)/Phones.app/Phones";
			};
			name = Debug;
		};
		7F4E278E1C579D4900C6C798 /* Release */ = {
			isa = XCBuildConfiguration;
			buildSettings = {
				BUNDLE_LOADER = "$(TEST_HOST)";
				INFOPLIST_FILE = PhonesTests/Info.plist;
				LD_RUNPATH_SEARCH_PATHS = "$(inherited) @executable_path/Frameworks @loader_path/Frameworks";
				PRODUCT_BUNDLE_IDENTIFIER = homework.PhonesTests;
				PRODUCT_NAME = "$(TARGET_NAME)";
				TEST_HOST = "$(BUILT_PRODUCTS_DIR)/Phones.app/Phones";
			};
			name = Release;
		};
		7F4E27901C579D4900C6C798 /* Debug */ = {
			isa = XCBuildConfiguration;
			buildSettings = {
				INFOPLIST_FILE = PhonesUITests/Info.plist;
				LD_RUNPATH_SEARCH_PATHS = "$(inherited) @executable_path/Frameworks @loader_path/Frameworks";
				PRODUCT_BUNDLE_IDENTIFIER = homework.PhonesUITests;
				PRODUCT_NAME = "$(TARGET_NAME)";
				TEST_TARGET_NAME = Phones;
				USES_XCTRUNNER = YES;
			};
			name = Debug;
		};
		7F4E27911C579D4900C6C798 /* Release */ = {
			isa = XCBuildConfiguration;
			buildSettings = {
				INFOPLIST_FILE = PhonesUITests/Info.plist;
				LD_RUNPATH_SEARCH_PATHS = "$(inherited) @executable_path/Frameworks @loader_path/Frameworks";
				PRODUCT_BUNDLE_IDENTIFIER = homework.PhonesUITests;
				PRODUCT_NAME = "$(TARGET_NAME)";
				TEST_TARGET_NAME = Phones;
				USES_XCTRUNNER = YES;
			};
			name = Release;
		};
/* End XCBuildConfiguration section */

/* Begin XCConfigurationList section */
		7F4E27541C579D4800C6C798 /* Build configuration list for PBXProject "Phones" */ = {
			isa = XCConfigurationList;
			buildConfigurations = (
				7F4E27871C579D4900C6C798 /* Debug */,
				7F4E27881C579D4900C6C798 /* Release */,
			);
			defaultConfigurationIsVisible = 0;
			defaultConfigurationName = Release;
		};
		7F4E27891C579D4900C6C798 /* Build configuration list for PBXNativeTarget "Phones" */ = {
			isa = XCConfigurationList;
			buildConfigurations = (
				7F4E278A1C579D4900C6C798 /* Debug */,
				7F4E278B1C579D4900C6C798 /* Release */,
			);
			defaultConfigurationIsVisible = 0;
			defaultConfigurationName = Release;
		};
		7F4E278C1C579D4900C6C798 /* Build configuration list for PBXNativeTarget "PhonesTests" */ = {
			isa = XCConfigurationList;
			buildConfigurations = (
				7F4E278D1C579D4900C6C798 /* Debug */,
				7F4E278E1C579D4900C6C798 /* Release */,
			);
			defaultConfigurationIsVisible = 0;
			defaultConfigurationName = Release;
		};
		7F4E278F1C579D4900C6C798 /* Build configuration list for PBXNativeTarget "PhonesUITests" */ = {
			isa = XCConfigurationList;
			buildConfigurations = (
				7F4E27901C579D4900C6C798 /* Debug */,
				7F4E27911C579D4900C6C798 /* Release */,
			);
			defaultConfigurationIsVisible = 0;
			defaultConfigurationName = Release;
		};
/* End XCConfigurationList section */
	};
	rootObject = 7F4E27511C579D4800C6C798 /* Project object */;
}
